
Microsoft Visual Studio Solution File, Format Version 12.00
# Visual Studio Version 17
VisualStudioVersion = 17.3.32901.215
MinimumVisualStudioVersion = 10.0.40219.1
Project("{9A19103F-16F7-4668-BE54-9A1E7A4F7556}") = "NLayerApp.WEB", "NLayerApp.WEB.csproj", "{E92B60C2-4CE6-42C2-BDE9-0F9652142BD7}"
EndProject
Project("{9A19103F-16F7-4668-BE54-9A1E7A4F7556}") = "NLayerApp.DAL", "..\NLayerApp.DAL\NLayerApp.DAL.csproj", "{3C2A5AB7-5317-459B-AD96-7C343038EC21}"
EndProject
Project("{9A19103F-16F7-4668-BE54-9A1E7A4F7556}") = "NLayerApp.BLL", "..\NLayerApp.BLL\NLayerApp.BLL.csproj", "{F771C857-F8B6-4098-96F7-DFFC8CB37217}"
EndProject
Global
	GlobalSection(SolutionConfigurationPlatforms) = preSolution
		Debug|Any CPU = Debug|Any CPU
		Release|Any CPU = Release|Any CPU
	EndGlobalSection
	GlobalSection(ProjectConfigurationPlatforms) = postSolution
		{E92B60C2-4CE6-42C2-BDE9-0F9652142BD7}.Debug|Any CPU.ActiveCfg = Debug|Any CPU
		{E92B60C2-4CE6-42C2-BDE9-0F9652142BD7}.Debug|Any CPU.Build.0 = Debug|Any CPU
		{E92B60C2-4CE6-42C2-BDE9-0F9652142BD7}.Release|Any CPU.ActiveCfg = Release|Any CPU
		{E92B60C2-4CE6-42C2-BDE9-0F9652142BD7}.Release|Any CPU.Build.0 = Release|Any CPU
		{3C2A5AB7-5317-459B-AD96-7C343038EC21}.Debug|Any CPU.ActiveCfg = Debug|Any CPU
		{3C2A5AB7-5317-459B-AD96-7C343038EC21}.Debug|Any CPU.Build.0 = Debug|Any CPU
		{3C2A5AB7-5317-459B-AD96-7C343038EC21}.Release|Any CPU.ActiveCfg = Release|Any CPU
		{3C2A5AB7-5317-459B-AD96-7C343038EC21}.Release|Any CPU.Build.0 = Release|Any CPU
		{F771C857-F8B6-4098-96F7-DFFC8CB37217}.Debug|Any CPU.ActiveCfg = Debug|Any CPU
		{F771C857-F8B6-4098-96F7-DFFC8CB37217}.Debug|Any CPU.Build.0 = Debug|Any CPU
		{F771C857-F8B6-4098-96F7-DFFC8CB37217}.Release|Any CPU.ActiveCfg = Release|Any CPU
		{F771C857-F8B6-4098-96F7-DFFC8CB37217}.Release|Any CPU.Build.0 = Release|Any CPU
	EndGlobalSection
	GlobalSection(SolutionProperties) = preSolution
		HideSolutionNode = FALSE
	EndGlobalSection
	GlobalSection(ExtensibilityGlobals) = postSolution
		SolutionGuid = {C2A4EC93-7B55-4B16-91C3-FEF62CF93D25}
	EndGlobalSection
EndGlobal
